// !$*UTF8*$!
{
	archiveVersion = 1;
	classes = {
	};
	objectVersion = 56;
	objects = {

/* Begin PBXBuildFile section */
		6CAC0AF0293DA17A009C6ADB /* AppDelegate.swift in Sources */ = {isa = PBXBuildFile; fileRef = 6CAC0AEF293DA17A009C6ADB /* AppDelegate.swift */; };
		6CAC0AF2293DA17A009C6ADB /* SceneDelegate.swift in Sources */ = {isa = PBXBuildFile; fileRef = 6CAC0AF1293DA17A009C6ADB /* SceneDelegate.swift */; };
		6CAC0AF4293DA17A009C6ADB /* ViewController.swift in Sources */ = {isa = PBXBuildFile; fileRef = 6CAC0AF3293DA17A009C6ADB /* ViewController.swift */; };
		6CAC0AF7293DA17A009C6ADB /* Main.storyboard in Resources */ = {isa = PBXBuildFile; fileRef = 6CAC0AF5293DA17A009C6ADB /* Main.storyboard */; };
		6CAC0AFA293DA17A009C6ADB /* CoreDataProject.xcdatamodeld in Sources */ = {isa = PBXBuildFile; fileRef = 6CAC0AF8293DA17A009C6ADB /* CoreDataProject.xcdatamodeld */; };
		6CAC0AFC293DA17B009C6ADB /* Assets.xcassets in Resources */ = {isa = PBXBuildFile; fileRef = 6CAC0AFB293DA17B009C6ADB /* Assets.xcassets */; };
		6CAC0AFF293DA17B009C6ADB /* LaunchScreen.storyboard in Resources */ = {isa = PBXBuildFile; fileRef = 6CAC0AFD293DA17B009C6ADB /* LaunchScreen.storyboard */; };
		6CAC0B08293DA2B8009C6ADB /* ToDoListItem+CoreDataClass.swift in Sources */ = {isa = PBXBuildFile; fileRef = 6CAC0B06293DA2B8009C6ADB /* ToDoListItem+CoreDataClass.swift */; };
		6CAC0B09293DA2B8009C6ADB /* ToDoListItem+CoreDataProperties.swift in Sources */ = {isa = PBXBuildFile; fileRef = 6CAC0B07293DA2B8009C6ADB /* ToDoListItem+CoreDataProperties.swift */; };
		6CAC0B0E293DA6AA009C6ADB /* TableViewCell.swift in Sources */ = {isa = PBXBuildFile; fileRef = 6CAC0B0C293DA6AA009C6ADB /* TableViewCell.swift */; };
		6CAC0B0F293DA6AA009C6ADB /* TableViewCell.xib in Resources */ = {isa = PBXBuildFile; fileRef = 6CAC0B0D293DA6AA009C6ADB /* TableViewCell.xib */; };
/* End PBXBuildFile section */

/* Begin PBXFileReference section */
		6CAC0AEC293DA17A009C6ADB /* CoreDataProject.app */ = {isa = PBXFileReference; explicitFileType = wrapper.application; includeInIndex = 0; path = CoreDataProject.app; sourceTree = BUILT_PRODUCTS_DIR; };
		6CAC0AEF293DA17A009C6ADB /* AppDelegate.swift */ = {isa = PBXFileReference; lastKnownFileType = sourcecode.swift; path = AppDelegate.swift; sourceTree = "<group>"; };
		6CAC0AF1293DA17A009C6ADB /* SceneDelegate.swift */ = {isa = PBXFileReference; lastKnownFileType = sourcecode.swift; path = SceneDelegate.swift; sourceTree = "<group>"; };
		6CAC0AF3293DA17A009C6ADB /* ViewController.swift */ = {isa = PBXFileReference; lastKnownFileType = sourcecode.swift; path = ViewController.swift; sourceTree = "<group>"; };
		6CAC0AF6293DA17A009C6ADB /* Base */ = {isa = PBXFileReference; lastKnownFileType = file.storyboard; name = Base; path = Base.lproj/Main.storyboard; sourceTree = "<group>"; };
		6CAC0AF9293DA17A009C6ADB /* CoreDataProject.xcdatamodel */ = {isa = PBXFileReference; lastKnownFileType = wrapper.xcdatamodel; path = CoreDataProject.xcdatamodel; sourceTree = "<group>"; };
		6CAC0AFB293DA17B009C6ADB /* Assets.xcassets */ = {isa = PBXFileReference; lastKnownFileType = folder.assetcatalog; path = Assets.xcassets; sourceTree = "<group>"; };
		6CAC0AFE293DA17B009C6ADB /* Base */ = {isa = PBXFileReference; lastKnownFileType = file.storyboard; name = Base; path = Base.lproj/LaunchScreen.storyboard; sourceTree = "<group>"; };
		6CAC0B00293DA17B009C6ADB /* Info.plist */ = {isa = PBXFileReference; lastKnownFileType = text.plist.xml; path = Info.plist; sourceTree = "<group>"; };
		6CAC0B06293DA2B8009C6ADB /* ToDoListItem+CoreDataClass.swift */ = {isa = PBXFileReference; lastKnownFileType = sourcecode.swift; path = "ToDoListItem+CoreDataClass.swift"; sourceTree = "<group>"; };
		6CAC0B07293DA2B8009C6ADB /* ToDoListItem+CoreDataProperties.swift */ = {isa = PBXFileReference; lastKnownFileType = sourcecode.swift; path = "ToDoListItem+CoreDataProperties.swift"; sourceTree = "<group>"; };
		6CAC0B0C293DA6AA009C6ADB /* TableViewCell.swift */ = {isa = PBXFileReference; lastKnownFileType = sourcecode.swift; path = TableViewCell.swift; sourceTree = "<group>"; };
		6CAC0B0D293DA6AA009C6ADB /* TableViewCell.xib */ = {isa = PBXFileReference; lastKnownFileType = file.xib; path = TableViewCell.xib; sourceTree = "<group>"; };
/* End PBXFileReference section */

/* Begin PBXFrameworksBuildPhase section */
		6CAC0AE9293DA17A009C6ADB /* Frameworks */ = {
			isa = PBXFrameworksBuildPhase;
			buildActionMask = 2147483647;
			files = (
			);
			runOnlyForDeploymentPostprocessing = 0;
		};
/* End PBXFrameworksBuildPhase section */

/* Begin PBXGroup section */
		6CAC0AE3293DA17A009C6ADB = {
			isa = PBXGroup;
			children = (
				6CAC0AEE293DA17A009C6ADB /* CoreDataProject */,
				6CAC0AED293DA17A009C6ADB /* Products */,
			);
			sourceTree = "<group>";
		};
		6CAC0AED293DA17A009C6ADB /* Products */ = {
			isa = PBXGroup;
			children = (
				6CAC0AEC293DA17A009C6ADB /* CoreDataProject.app */,
			);
			name = Products;
			sourceTree = "<group>";
		};
		6CAC0AEE293DA17A009C6ADB /* CoreDataProject */ = {
			isa = PBXGroup;
			children = (
				6CAC0B0B293DA68C009C6ADB /* Cell */,
				6CAC0B0A293DA2D1009C6ADB /* ToDoListItem */,
				6CAC0AEF293DA17A009C6ADB /* AppDelegate.swift */,
				6CAC0AF1293DA17A009C6ADB /* SceneDelegate.swift */,
				6CAC0AF3293DA17A009C6ADB /* ViewController.swift */,
				6CAC0AF5293DA17A009C6ADB /* Main.storyboard */,
				6CAC0AFB293DA17B009C6ADB /* Assets.xcassets */,
				6CAC0AFD293DA17B009C6ADB /* LaunchScreen.storyboard */,
				6CAC0B00293DA17B009C6ADB /* Info.plist */,
				6CAC0AF8293DA17A009C6ADB /* CoreDataProject.xcdatamodeld */,
			);
			path = CoreDataProject;
			sourceTree = "<group>";
		};
		6CAC0B0A293DA2D1009C6ADB /* ToDoListItem */ = {
			isa = PBXGroup;
			children = (
				6CAC0B06293DA2B8009C6ADB /* ToDoListItem+CoreDataClass.swift */,
				6CAC0B07293DA2B8009C6ADB /* ToDoListItem+CoreDataProperties.swift */,
			);
			path = ToDoListItem;
			sourceTree = "<group>";
		};
		6CAC0B0B293DA68C009C6ADB /* Cell */ = {
			isa = PBXGroup;
			children = (
				6CAC0B0C293DA6AA009C6ADB /* TableViewCell.swift */,
				6CAC0B0D293DA6AA009C6ADB /* TableViewCell.xib */,
			);
			path = Cell;
			sourceTree = "<group>";
		};
/* End PBXGroup section */

/* Begin PBXNativeTarget section */
		6CAC0AEB293DA17A009C6ADB /* CoreDataProject */ = {
			isa = PBXNativeTarget;
			buildConfigurationList = 6CAC0B03293DA17B009C6ADB /* Build configuration list for PBXNativeTarget "CoreDataProject" */;
			buildPhases = (
				6CAC0AE8293DA17A009C6ADB /* Sources */,
				6CAC0AE9293DA17A009C6ADB /* Frameworks */,
				6CAC0AEA293DA17A009C6ADB /* Resources */,
			);
			buildRules = (
			);
			dependencies = (
			);
			name = CoreDataProject;
			productName = CoreDataProject;
			productReference = 6CAC0AEC293DA17A009C6ADB /* CoreDataProject.app */;
			productType = "com.apple.product-type.application";
		};
/* End PBXNativeTarget section */

/* Begin PBXProject section */
		6CAC0AE4293DA17A009C6ADB /* Project object */ = {
			isa = PBXProject;
			attributes = {
				BuildIndependentTargetsInParallel = 1;
				LastSwiftUpdateCheck = 1400;
				LastUpgradeCheck = 1400;
				TargetAttributes = {
					6CAC0AEB293DA17A009C6ADB = {
						CreatedOnToolsVersion = 14.0;
					};
				};
			};
			buildConfigurationList = 6CAC0AE7293DA17A009C6ADB /* Build configuration list for PBXProject "CoreDataProject" */;
			compatibilityVersion = "Xcode 14.0";
			developmentRegion = en;
			hasScannedForEncodings = 0;
			knownRegions = (
				en,
				Base,
			);
			mainGroup = 6CAC0AE3293DA17A009C6ADB;
			productRefGroup = 6CAC0AED293DA17A009C6ADB /* Products */;
			projectDirPath = "";
			projectRoot = "";
			targets = (
				6CAC0AEB293DA17A009C6ADB /* CoreDataProject */,
			);
		};
/* End PBXProject section */

/* Begin PBXResourcesBuildPhase section */
		6CAC0AEA293DA17A009C6ADB /* Resources */ = {
			isa = PBXResourcesBuildPhase;
			buildActionMask = 2147483647;
			files = (
				6CAC0AFF293DA17B009C6ADB /* LaunchScreen.storyboard in Resources */,
				6CAC0B0F293DA6AA009C6ADB /* TableViewCell.xib in Resources */,
				6CAC0AFC293DA17B009C6ADB /* Assets.xcassets in Resources */,
				6CAC0AF7293DA17A009C6ADB /* Main.storyboard in Resources */,
			);
			runOnlyForDeploymentPostprocessing = 0;
		};
/* End PBXResourcesBuildPhase section */

/* Begin PBXSourcesBuildPhase section */
		6CAC0AE8293DA17A009C6ADB /* Sources */ = {
			isa = PBXSourcesBuildPhase;
			buildActionMask = 2147483647;
			files = (
				6CAC0AF4293DA17A009C6ADB /* ViewController.swift in Sources */,
				6CAC0AF0293DA17A009C6ADB /* AppDelegate.swift in Sources */,
				6CAC0AFA293DA17A009C6ADB /* CoreDataProject.xcdatamodeld in Sources */,
				6CAC0B08293DA2B8009C6ADB /* ToDoListItem+CoreDataClass.swift in Sources */,
				6CAC0B09293DA2B8009C6ADB /* ToDoListItem+CoreDataProperties.swift in Sources */,
				6CAC0B0E293DA6AA009C6ADB /* TableViewCell.swift in Sources */,
				6CAC0AF2293DA17A009C6ADB /* SceneDelegate.swift in Sources */,
			);
			runOnlyForDeploymentPostprocessing = 0;
		};
/* End PBXSourcesBuildPhase section */

/* Begin PBXVariantGroup section */
		6CAC0AF5293DA17A009C6ADB /* Main.storyboard */ = {
			isa = PBXVariantGroup;
			children = (
				6CAC0AF6293DA17A009C6ADB /* Base */,
			);
			name = Main.storyboard;
			sourceTree = "<group>";
		};
		6CAC0AFD293DA17B009C6ADB /* LaunchScreen.storyboard */ = {
			isa = PBXVariantGroup;
			children = (
				6CAC0AFE293DA17B009C6ADB /* Base */,
			);
			name = LaunchScreen.storyboard;
			sourceTree = "<group>";
		};
/* End PBXVariantGroup section */

/* Begin XCBuildConfiguration section */
		6CAC0B01293DA17B009C6ADB /* Debug */ = {
			isa = XCBuildConfiguration;
			buildSettings = {
				ALWAYS_SEARCH_USER_PATHS = NO;
				CLANG_ANALYZER_NONNULL = YES;
				CLANG_ANALYZER_NUMBER_OBJECT_CONVERSION = YES_AGGRESSIVE;
				CLANG_CXX_LANGUAGE_STANDARD = "gnu++20";
				CLANG_ENABLE_MODULES = YES;
				CLANG_ENABLE_OBJC_ARC = YES;
				CLANG_ENABLE_OBJC_WEAK = YES;
				CLANG_WARN_BLOCK_CAPTURE_AUTORELEASING = YES;
				CLANG_WARN_BOOL_CONVERSION = YES;
				CLANG_WARN_COMMA = YES;
				CLANG_WARN_CONSTANT_CONVERSION = YES;
				CLANG_WARN_DEPRECATED_OBJC_IMPLEMENTATIONS = YES;
				CLANG_WARN_DIRECT_OBJC_ISA_USAGE = YES_ERROR;
				CLANG_WARN_DOCUMENTATION_COMMENTS = YES;
				CLANG_WARN_EMPTY_BODY = YES;
				CLANG_WARN_ENUM_CONVERSION = YES;
				CLANG_WARN_INFINITE_RECURSION = YES;
				CLANG_WARN_INT_CONVERSION = YES;
				CLANG_WARN_NON_LITERAL_NULL_CONVERSION = YES;
				CLANG_WARN_OBJC_IMPLICIT_RETAIN_SELF = YES;
				CLANG_WARN_OBJC_LITERAL_CONVERSION = YES;
				CLANG_WARN_OBJC_ROOT_CLASS = YES_ERROR;
				CLANG_WARN_QUOTED_INCLUDE_IN_FRAMEWORK_HEADER = YES;
				CLANG_WARN_RANGE_LOOP_ANALYSIS = YES;
				CLANG_WARN_STRICT_PROTOTYPES = YES;
				CLANG_WARN_SUSPICIOUS_MOVE = YES;
				CLANG_WARN_UNGUARDED_AVAILABILITY = YES_AGGRESSIVE;
				CLANG_WARN_UNREACHABLE_CODE = YES;
				CLANG_WARN__DUPLICATE_METHOD_MATCH = YES;
				COPY_PHASE_STRIP = NO;
				DEBUG_INFORMATION_FORMAT = dwarf;
				ENABLE_STRICT_OBJC_MSGSEND = YES;
				ENABLE_TESTABILITY = YES;
				GCC_C_LANGUAGE_STANDARD = gnu11;
				GCC_DYNAMIC_NO_PIC = NO;
				GCC_NO_COMMON_BLOCKS = YES;
				GCC_OPTIMIZATION_LEVEL = 0;
				GCC_PREPROCESSOR_DEFINITIONS = (
					"DEBUG=1",
					"$(inherited)",
				);
				GCC_WARN_64_TO_32_BIT_CONVERSION = YES;
				GCC_WARN_ABOUT_RETURN_TYPE = YES_ERROR;
				GCC_WARN_UNDECLARED_SELECTOR = YES;
				GCC_WARN_UNINITIALIZED_AUTOS = YES_AGGRESSIVE;
				GCC_WARN_UNUSED_FUNCTION = YES;
				GCC_WARN_UNUSED_VARIABLE = YES;
				IPHONEOS_DEPLOYMENT_TARGET = 16.0;
				MTL_ENABLE_DEBUG_INFO = INCLUDE_SOURCE;
				MTL_FAST_MATH = YES;
				ONLY_ACTIVE_ARCH = YES;
				SDKROOT = iphoneos;
				SWIFT_ACTIVE_COMPILATION_CONDITIONS = DEBUG;
				SWIFT_OPTIMIZATION_LEVEL = "-Onone";
			};
			name = Debug;
		};
		6CAC0B02293DA17B009C6ADB /* Release */ = {
			isa = XCBuildConfiguration;
			buildSettings = {
				ALWAYS_SEARCH_USER_PATHS = NO;
				CLANG_ANALYZER_NONNULL = YES;
				CLANG_ANALYZER_NUMBER_OBJECT_CONVERSION = YES_AGGRESSIVE;
				CLANG_CXX_LANGUAGE_STANDARD = "gnu++20";
				CLANG_ENABLE_MODULES = YES;
				CLANG_ENABLE_OBJC_ARC = YES;
				CLANG_ENABLE_OBJC_WEAK = YES;
				CLANG_WARN_BLOCK_CAPTURE_AUTORELEASING = YES;
				CLANG_WARN_BOOL_CONVERSION = YES;
				CLANG_WARN_COMMA = YES;
				CLANG_WARN_CONSTANT_CONVERSION = YES;
				CLANG_WARN_DEPRECATED_OBJC_IMPLEMENTATIONS = YES;
				CLANG_WARN_DIRECT_OBJC_ISA_USAGE = YES_ERROR;
				CLANG_WARN_DOCUMENTATION_COMMENTS = YES;
				CLANG_WARN_EMPTY_BODY = YES;
				CLANG_WARN_ENUM_CONVERSION = YES;
				CLANG_WARN_INFINITE_RECURSION = YES;
				CLANG_WARN_INT_CONVERSION = YES;
				CLANG_WARN_NON_LITERAL_NULL_CONVERSION = YES;
				CLANG_WARN_OBJC_IMPLICIT_RETAIN_SELF = YES;
				CLANG_WARN_OBJC_LITERAL_CONVERSION = YES;
				CLANG_WARN_OBJC_ROOT_CLASS = YES_ERROR;
				CLANG_WARN_QUOTED_INCLUDE_IN_FRAMEWORK_HEADER = YES;
				CLANG_WARN_RANGE_LOOP_ANALYSIS = YES;
				CLANG_WARN_STRICT_PROTOTYPES = YES;
				CLANG_WARN_SUSPICIOUS_MOVE = YES;
				CLANG_WARN_UNGUARDED_AVAILABILITY = YES_AGGRESSIVE;
				CLANG_WARN_UNREACHABLE_CODE = YES;
				CLANG_WARN__DUPLICATE_METHOD_MATCH = YES;
				COPY_PHASE_STRIP = NO;
				DEBUG_INFORMATION_FORMAT = "dwarf-with-dsym";
				ENABLE_NS_ASSERTIONS = NO;
				ENABLE_STRICT_OBJC_MSGSEND = YES;
				GCC_C_LANGUAGE_STANDARD = gnu11;
				GCC_NO_COMMON_BLOCKS = YES;
				GCC_WARN_64_TO_32_BIT_CONVERSION = YES;
				GCC_WARN_ABOUT_RETURN_TYPE = YES_ERROR;
				GCC_WARN_UNDECLARED_SELECTOR = YES;
				GCC_WARN_UNINITIALIZED_AUTOS = YES_AGGRESSIVE;
				GCC_WARN_UNUSED_FUNCTION = YES;
				GCC_WARN_UNUSED_VARIABLE = YES;
				IPHONEOS_DEPLOYMENT_TARGET = 16.0;
				MTL_ENABLE_DEBUG_INFO = NO;
				MTL_FAST_MATH = YES;
				SDKROOT = iphoneos;
				SWIFT_COMPILATION_MODE = wholemodule;
				SWIFT_OPTIMIZATION_LEVEL = "-O";
				VALIDATE_PRODUCT = YES;
			};
			name = Release;
		};
		6CAC0B04293DA17B009C6ADB /* Debug */ = {
			isa = XCBuildConfiguration;
			buildSettings = {
				ASSETCATALOG_COMPILER_APPICON_NAME = AppIcon;
				ASSETCATALOG_COMPILER_GLOBAL_ACCENT_COLOR_NAME = AccentColor;
				CODE_SIGN_STYLE = Automatic;
				CURRENT_PROJECT_VERSION = 1;
				DEVELOPMENT_TEAM = 7Q8Q4799J2;
				GENERATE_INFOPLIST_FILE = YES;
				INFOPLIST_FILE = CoreDataProject/Info.plist;
				INFOPLIST_KEY_UIApplicationSupportsIndirectInputEvents = YES;
				INFOPLIST_KEY_UILaunchStoryboardName = LaunchScreen;
				INFOPLIST_KEY_UIMainStoryboardFile = Main;
				INFOPLIST_KEY_UISupportedInterfaceOrientations_iPad = "UIInterfaceOrientationPortrait UIInterfaceOrientationPortraitUpsideDown UIInterfaceOrientationLandscapeLeft UIInterfaceOrientationLandscapeRight";
				INFOPLIST_KEY_UISupportedInterfaceOrientations_iPhone = "UIInterfaceOrientationPortrait UIInterfaceOrientationLandscapeLeft UIInterfaceOrientationLandscapeRight";
				LD_RUNPATH_SEARCH_PATHS = (
					"$(inherited)",
					"@executable_path/Frameworks",
				);
				MARKETING_VERSION = 1.0;
				PRODUCT_BUNDLE_IDENTIFIER = com.aasalesdev.CoreDataProject;
				PRODUCT_NAME = "$(TARGET_NAME)";
				SWIFT_EMIT_LOC_STRINGS = YES;
				SWIFT_VERSION = 5.0;
				TARGETED_DEVICE_FAMILY = "1,2";
			};
			name = Debug;
		};
		6CAC0B05293DA17B009C6ADB /* Release */ = {
			isa = XCBuildConfiguration;
			buildSettings = {
				ASSETCATALOG_COMPILER_APPICON_NAME = AppIcon;
				ASSETCATALOG_COMPILER_GLOBAL_ACCENT_COLOR_NAME = AccentColor;
				CODE_SIGN_STYLE = Automatic;
				CURRENT_PROJECT_VERSION = 1;
				DEVELOPMENT_TEAM = 7Q8Q4799J2;
				GENERATE_INFOPLIST_FILE = YES;
				INFOPLIST_FILE = CoreDataProject/Info.plist;
				INFOPLIST_KEY_UIApplicationSupportsIndirectInputEvents = YES;
				INFOPLIST_KEY_UILaunchStoryboardName = LaunchScreen;
				INFOPLIST_KEY_UIMainStoryboardFile = Main;
				INFOPLIST_KEY_UISupportedInterfaceOrientations_iPad = "UIInterfaceOrientationPortrait UIInterfaceOrientationPortraitUpsideDown UIInterfaceOrientationLandscapeLeft UIInterfaceOrientationLandscapeRight";
				INFOPLIST_KEY_UISupportedInterfaceOrientations_iPhone = "UIInterfaceOrientationPortrait UIInterfaceOrientationLandscapeLeft UIInterfaceOrientationLandscapeRight";
				LD_RUNPATH_SEARCH_PATHS = (
					"$(inherited)",
					"@executable_path/Frameworks",
				);
				MARKETING_VERSION = 1.0;
				PRODUCT_BUNDLE_IDENTIFIER = com.aasalesdev.CoreDataProject;
				PRODUCT_NAME = "$(TARGET_NAME)";
				SWIFT_EMIT_LOC_STRINGS = YES;
				SWIFT_VERSION = 5.0;
				TARGETED_DEVICE_FAMILY = "1,2";
			};
			name = Release;
		};
/* End XCBuildConfiguration section */

/* Begin XCConfigurationList section */
		6CAC0AE7293DA17A009C6ADB /* Build configuration list for PBXProject "CoreDataProject" */ = {
			isa = XCConfigurationList;
			buildConfigurations = (
				6CAC0B01293DA17B009C6ADB /* Debug */,
				6CAC0B02293DA17B009C6ADB /* Release */,
			);
			defaultConfigurationIsVisible = 0;
			defaultConfigurationName = Release;
		};
		6CAC0B03293DA17B009C6ADB /* Build configuration list for PBXNativeTarget "CoreDataProject" */ = {
			isa = XCConfigurationList;
			buildConfigurations = (
				6CAC0B04293DA17B009C6ADB /* Debug */,
				6CAC0B05293DA17B009C6ADB /* Release */,
			);
			defaultConfigurationIsVisible = 0;
			defaultConfigurationName = Release;
		};
/* End XCConfigurationList section */

/* Begin XCVersionGroup section */
		6CAC0AF8293DA17A009C6ADB /* CoreDataProject.xcdatamodeld */ = {
			isa = XCVersionGroup;
			children = (
				6CAC0AF9293DA17A009C6ADB /* CoreDataProject.xcdatamodel */,
			);
			currentVersion = 6CAC0AF9293DA17A009C6ADB /* CoreDataProject.xcdatamodel */;
			path = CoreDataProject.xcdatamodeld;
			sourceTree = "<group>";
			versionGroupType = wrapper.xcdatamodel;
		};
/* End XCVersionGroup section */
	};
	rootObject = 6CAC0AE4293DA17A009C6ADB /* Project object */;
}
